
Microsoft Visual Studio Solution File, Format Version 12.00
# Visual Studio Version 16
VisualStudioVersion = 16.0.30907.101
MinimumVisualStudioVersion = 10.0.40219.1
Project("{8BC9CEB8-8B4A-11D0-8D11-00A0C91BC942}") = "AbstractFPSCpp", "AbstractFPS_Cpp\AbstractFPS_Cpp.vcxproj", "{8E3407D6-1F2F-4780-B2ED-52D3026B3960}"
EndProject
Project("{FAE04EC0-301F-11D3-BF4B-00C04F79EFBC}") = "AbstractFPS_CSarp", "AbstractFPS_CSarp\AbstractFPS_CSarp.csproj", "{09036824-6CE4-4D6C-A3BB-E98CA258D676}"
EndProject
Global
	GlobalSection(SolutionConfigurationPlatforms) = preSolution
		Debug|Any CPU = Debug|Any CPU
		Debug|x64 = Debug|x64
		Debug|x86 = Debug|x86
		Release|Any CPU = Release|Any CPU
		Release|x64 = Release|x64
		Release|x86 = Release|x86
	EndGlobalSection
	GlobalSection(ProjectConfigurationPlatforms) = postSolution
		{8E3407D6-1F2F-4780-B2ED-52D3026B3960}.Debug|Any CPU.ActiveCfg = Debug|Win32
		{8E3407D6-1F2F-4780-B2ED-52D3026B3960}.Debug|x64.ActiveCfg = Debug|x64
		{8E3407D6-1F2F-4780-B2ED-52D3026B3960}.Debug|x64.Build.0 = Debug|x64
		{8E3407D6-1F2F-4780-B2ED-52D3026B3960}.Debug|x86.ActiveCfg = Debug|Win32
		{8E3407D6-1F2F-4780-B2ED-52D3026B3960}.Debug|x86.Build.0 = Debug|Win32
		{8E3407D6-1F2F-4780-B2ED-52D3026B3960}.Release|Any CPU.ActiveCfg = Release|Win32
		{8E3407D6-1F2F-4780-B2ED-52D3026B3960}.Release|x64.ActiveCfg = Release|x64
		{8E3407D6-1F2F-4780-B2ED-52D3026B3960}.Release|x64.Build.0 = Release|x64
		{8E3407D6-1F2F-4780-B2ED-52D3026B3960}.Release|x86.ActiveCfg = Release|Win32
		{8E3407D6-1F2F-4780-B2ED-52D3026B3960}.Release|x86.Build.0 = Release|Win32
		{09036824-6CE4-4D6C-A3BB-E98CA258D676}.Debug|Any CPU.ActiveCfg = Debug|Any CPU
		{09036824-6CE4-4D6C-A3BB-E98CA258D676}.Debug|Any CPU.Build.0 = Debug|Any CPU
		{09036824-6CE4-4D6C-A3BB-E98CA258D676}.Debug|x64.ActiveCfg = Debug|Any CPU
		{09036824-6CE4-4D6C-A3BB-E98CA258D676}.Debug|x64.Build.0 = Debug|Any CPU
		{09036824-6CE4-4D6C-A3BB-E98CA258D676}.Debug|x86.ActiveCfg = Debug|Any CPU
		{09036824-6CE4-4D6C-A3BB-E98CA258D676}.Debug|x86.Build.0 = Debug|Any CPU
		{09036824-6CE4-4D6C-A3BB-E98CA258D676}.Release|Any CPU.ActiveCfg = Release|Any CPU
		{09036824-6CE4-4D6C-A3BB-E98CA258D676}.Release|Any CPU.Build.0 = Release|Any CPU
		{09036824-6CE4-4D6C-A3BB-E98CA258D676}.Release|x64.ActiveCfg = Release|Any CPU
		{09036824-6CE4-4D6C-A3BB-E98CA258D676}.Release|x64.Build.0 = Release|Any CPU
		{09036824-6CE4-4D6C-A3BB-E98CA258D676}.Release|x86.ActiveCfg = Release|Any CPU
		{09036824-6CE4-4D6C-A3BB-E98CA258D676}.Release|x86.Build.0 = Release|Any CPU
	EndGlobalSection
	GlobalSection(SolutionProperties) = preSolution
		HideSolutionNode = FALSE
	EndGlobalSection
	GlobalSection(ExtensibilityGlobals) = postSolution
		SolutionGuid = {2DBBFE0D-A715-4F04-A2FA-968F7165E965}
	EndGlobalSection
EndGlobal
