
Microsoft Visual Studio Solution File, Format Version 12.00
# Visual Studio Version 16
VisualStudioVersion = 16.0.30907.101
MinimumVisualStudioVersion = 10.0.40219.1
Project("{FAE04EC0-301F-11D3-BF4B-00C04F79EFBC}") = "Abstract FPS CSarp", "Abstract FPS CSarp.csproj", "{1C614A3C-02B9-4F2F-B9AC-20C2442AFC23}"
EndProject
Project("{8BC9CEB8-8B4A-11D0-8D11-00A0C91BC942}") = "Abstract FPS Cpp", "..\Abstract FPS Cpp\Abstract FPS Cpp.vcxproj", "{CDFA3EB1-D426-4E1E-94E4-EABB6E0F2E05}"
EndProject
Global
	GlobalSection(SolutionConfigurationPlatforms) = preSolution
		Debug|Any CPU = Debug|Any CPU
		Debug|x64 = Debug|x64
		Debug|x86 = Debug|x86
		Release|Any CPU = Release|Any CPU
		Release|x64 = Release|x64
		Release|x86 = Release|x86
	EndGlobalSection
	GlobalSection(ProjectConfigurationPlatforms) = postSolution
		{1C614A3C-02B9-4F2F-B9AC-20C2442AFC23}.Debug|Any CPU.ActiveCfg = Debug|Any CPU
		{1C614A3C-02B9-4F2F-B9AC-20C2442AFC23}.Debug|Any CPU.Build.0 = Debug|Any CPU
		{1C614A3C-02B9-4F2F-B9AC-20C2442AFC23}.Debug|x64.ActiveCfg = Debug|Any CPU
		{1C614A3C-02B9-4F2F-B9AC-20C2442AFC23}.Debug|x64.Build.0 = Debug|Any CPU
		{1C614A3C-02B9-4F2F-B9AC-20C2442AFC23}.Debug|x86.ActiveCfg = Debug|Any CPU
		{1C614A3C-02B9-4F2F-B9AC-20C2442AFC23}.Debug|x86.Build.0 = Debug|Any CPU
		{1C614A3C-02B9-4F2F-B9AC-20C2442AFC23}.Release|Any CPU.ActiveCfg = Release|Any CPU
		{1C614A3C-02B9-4F2F-B9AC-20C2442AFC23}.Release|Any CPU.Build.0 = Release|Any CPU
		{1C614A3C-02B9-4F2F-B9AC-20C2442AFC23}.Release|x64.ActiveCfg = Release|Any CPU
		{1C614A3C-02B9-4F2F-B9AC-20C2442AFC23}.Release|x64.Build.0 = Release|Any CPU
		{1C614A3C-02B9-4F2F-B9AC-20C2442AFC23}.Release|x86.ActiveCfg = Release|Any CPU
		{1C614A3C-02B9-4F2F-B9AC-20C2442AFC23}.Release|x86.Build.0 = Release|Any CPU
		{CDFA3EB1-D426-4E1E-94E4-EABB6E0F2E05}.Debug|Any CPU.ActiveCfg = Debug|Win32
		{CDFA3EB1-D426-4E1E-94E4-EABB6E0F2E05}.Debug|x64.ActiveCfg = Debug|x64
		{CDFA3EB1-D426-4E1E-94E4-EABB6E0F2E05}.Debug|x64.Build.0 = Debug|x64
		{CDFA3EB1-D426-4E1E-94E4-EABB6E0F2E05}.Debug|x86.ActiveCfg = Debug|Win32
		{CDFA3EB1-D426-4E1E-94E4-EABB6E0F2E05}.Debug|x86.Build.0 = Debug|Win32
		{CDFA3EB1-D426-4E1E-94E4-EABB6E0F2E05}.Release|Any CPU.ActiveCfg = Release|Win32
		{CDFA3EB1-D426-4E1E-94E4-EABB6E0F2E05}.Release|x64.ActiveCfg = Release|x64
		{CDFA3EB1-D426-4E1E-94E4-EABB6E0F2E05}.Release|x64.Build.0 = Release|x64
		{CDFA3EB1-D426-4E1E-94E4-EABB6E0F2E05}.Release|x86.ActiveCfg = Release|Win32
		{CDFA3EB1-D426-4E1E-94E4-EABB6E0F2E05}.Release|x86.Build.0 = Release|Win32
	EndGlobalSection
	GlobalSection(SolutionProperties) = preSolution
		HideSolutionNode = FALSE
	EndGlobalSection
	GlobalSection(ExtensibilityGlobals) = postSolution
		SolutionGuid = {2DBBFE0D-A715-4F04-A2FA-968F7165E965}
	EndGlobalSection
EndGlobal
